{
  "pins" : [
    {
      "identity" : "benny-ios-sdk",
      "kind" : "remoteSourceControl",
      "location" : "https://github.com/Benny-API/benny-ios-sdk.git",
      "state" : {
        "branch" : "ab-ebt-balance",
        "revision" : "ae95c531ff4dd7f1e68f84d95d7fcd91e59d6b47"
      }
    }
  ],
  "version" : 2
}
