{
  "pins" : [
    {
      "identity" : "benny-ios-sdk",
      "kind" : "remoteSourceControl",
      "location" : "https://github.com/Benny-API/benny-ios-sdk.git",
      "state" : {
        "branch" : "ab-ebt-balance",
        "revision" : "e66db97b774958b42cac361d7e487dd4ccb35087"
      }
    }
  ],
  "version" : 2
}
