{
  "pins" : [
    {
      "identity" : "benny-ios-sdk",
      "kind" : "remoteSourceControl",
      "location" : "https://github.com/Benny-API/benny-ios-sdk.git",
      "state" : {
        "branch" : "main",
        "revision" : "122fabf5cf30ffea63fb1ada4d78230577bf685a"
      }
    }
  ],
  "version" : 2
}
